
Microsoft Visual Studio Solution File, Format Version 12.00
# Visual Studio Version 17
VisualStudioVersion = 17.7.34009.444
MinimumVisualStudioVersion = 10.0.40219.1
Project("{FAE04EC0-301F-11D3-BF4B-00C04F79EFBC}") = "MyStack", "MyStack\MyStack.csproj", "{EB1CC436-371A-4F2D-8652-0D1F6DCCB38C}"
EndProject
Project("{FAE04EC0-301F-11D3-BF4B-00C04F79EFBC}") = "MyStackTest", "MyStackTest\MyStackTest.csproj", "{57D134E5-BAF1-4D25-B380-FC24E0D1D390}"
EndProject
Global
	GlobalSection(SolutionConfigurationPlatforms) = preSolution
		Debug|Any CPU = Debug|Any CPU
		Release|Any CPU = Release|Any CPU
	EndGlobalSection
	GlobalSection(ProjectConfigurationPlatforms) = postSolution
		{EB1CC436-371A-4F2D-8652-0D1F6DCCB38C}.Debug|Any CPU.ActiveCfg = Debug|Any CPU
		{EB1CC436-371A-4F2D-8652-0D1F6DCCB38C}.Debug|Any CPU.Build.0 = Debug|Any CPU
		{EB1CC436-371A-4F2D-8652-0D1F6DCCB38C}.Release|Any CPU.ActiveCfg = Release|Any CPU
		{EB1CC436-371A-4F2D-8652-0D1F6DCCB38C}.Release|Any CPU.Build.0 = Release|Any CPU
		{57D134E5-BAF1-4D25-B380-FC24E0D1D390}.Debug|Any CPU.ActiveCfg = Debug|Any CPU
		{57D134E5-BAF1-4D25-B380-FC24E0D1D390}.Debug|Any CPU.Build.0 = Debug|Any CPU
		{57D134E5-BAF1-4D25-B380-FC24E0D1D390}.Release|Any CPU.ActiveCfg = Release|Any CPU
		{57D134E5-BAF1-4D25-B380-FC24E0D1D390}.Release|Any CPU.Build.0 = Release|Any CPU
	EndGlobalSection
	GlobalSection(SolutionProperties) = preSolution
		HideSolutionNode = FALSE
	EndGlobalSection
	GlobalSection(ExtensibilityGlobals) = postSolution
		SolutionGuid = {167E30A3-BD00-4193-B615-596366113EDE}
	EndGlobalSection
EndGlobal
